<Solution>
  <Folder Name="/src/">
    <Project Path="src/ConsoleControl.Client/ConsoleControl.Client.csproj" />
    <Project Path="src/ConsoleControl.Contracts/ConsoleControl.Contracts.csproj" />
    <Project Path="src/ConsoleControl.Controller.Bluetooth/ConsoleControl.Controller.Bluetooth.csproj" />
    <Project Path="src/ConsoleControl.Core/ConsoleControl.Core.csproj" />
    <Project Path="src/ConsoleControl.Daemon/ConsoleControl.Daemon.csproj" />
    <Project Path="src/ConsoleControl.Gui/ConsoleControl.Gui.csproj" />
    <Project Path="src/ConsoleControl.Input.Sdl/ConsoleControl.Input.Sdl.csproj" />
    <Project Path="src/ConsoleControl.Mcp/ConsoleControl.Mcp.csproj" />
    <Project Path="src/ConsoleControl.Video.FFmpeg/ConsoleControl.Video.FFmpeg.csproj" />
  </Folder>
  <Folder Name="/tests/">
    <Project Path="tests/ConsoleControl.IntegrationTests/ConsoleControl.IntegrationTests.csproj" />
  </Folder>
  <Folder Name="/tools/">
    <Project Path="tools/ConsoleControl.DeviceProbe/ConsoleControl.DeviceProbe.csproj" />
  </Folder>
</Solution>
